
Microsoft Visual Studio Solution File, Format Version 12.00
# Visual Studio Version 17
VisualStudioVersion = 17.7.34024.191
MinimumVisualStudioVersion = 10.0.40219.1
Project("{9A19103F-16F7-4668-BE54-9A1E7A4F7556}") = "Ticket.Api", "Ticket.Api\Ticket.Api.csproj", "{483625BC-1912-4CCA-8571-7CE31B218338}"
EndProject
Project("{FAE04EC0-301F-11D3-BF4B-00C04F79EFBC}") = "Ticket.Api.Infrastructure.Build", "Ticket.Api.Infrastructure.Build\Ticket.Api.Infrastructure.Build.csproj", "{FB115C86-7177-4C01-93F0-98BE26A9A0A5}"
EndProject
Global
	GlobalSection(SolutionConfigurationPlatforms) = preSolution
		Debug|Any CPU = Debug|Any CPU
		Release|Any CPU = Release|Any CPU
	EndGlobalSection
	GlobalSection(ProjectConfigurationPlatforms) = postSolution
		{483625BC-1912-4CCA-8571-7CE31B218338}.Debug|Any CPU.ActiveCfg = Debug|Any CPU
		{483625BC-1912-4CCA-8571-7CE31B218338}.Debug|Any CPU.Build.0 = Debug|Any CPU
		{483625BC-1912-4CCA-8571-7CE31B218338}.Release|Any CPU.ActiveCfg = Release|Any CPU
		{483625BC-1912-4CCA-8571-7CE31B218338}.Release|Any CPU.Build.0 = Release|Any CPU
		{FB115C86-7177-4C01-93F0-98BE26A9A0A5}.Debug|Any CPU.ActiveCfg = Debug|Any CPU
		{FB115C86-7177-4C01-93F0-98BE26A9A0A5}.Debug|Any CPU.Build.0 = Debug|Any CPU
		{FB115C86-7177-4C01-93F0-98BE26A9A0A5}.Release|Any CPU.ActiveCfg = Release|Any CPU
		{FB115C86-7177-4C01-93F0-98BE26A9A0A5}.Release|Any CPU.Build.0 = Release|Any CPU
	EndGlobalSection
	GlobalSection(SolutionProperties) = preSolution
		HideSolutionNode = FALSE
	EndGlobalSection
	GlobalSection(ExtensibilityGlobals) = postSolution
		SolutionGuid = {EBB6B8D6-2208-4B8C-9214-DAB678873D00}
	EndGlobalSection
EndGlobal
